
Microsoft Visual Studio Solution File, Format Version 12.00
# Visual Studio 2012
Project("{FAE04EC0-301F-11D3-BF4B-00C04F79EFBC}") = "A-Infrastructure", "A-Infrastructure\A-Infrastructure.csproj", "{CF159DF2-FC35-4E01-AC7E-77C36CA36951}"
EndProject
Project("{FAE04EC0-301F-11D3-BF4B-00C04F79EFBC}") = "A-Tester", "A-Tester\A-Tester.csproj", "{7E2CBB94-D08E-4809-8A20-3EE94F2D34C2}"
EndProject
Project("{FAE04EC0-301F-11D3-BF4B-00C04F79EFBC}") = "A-ConsoleTest", "A-ConsoleTest\A-ConsoleTest.csproj", "{C7DA41BD-06F8-476B-91B1-DCFE58948F5F}"
EndProject
Global
	GlobalSection(SolutionConfigurationPlatforms) = preSolution
		Debug|Any CPU = Debug|Any CPU
		Release|Any CPU = Release|Any CPU
	EndGlobalSection
	GlobalSection(ProjectConfigurationPlatforms) = postSolution
		{CF159DF2-FC35-4E01-AC7E-77C36CA36951}.Debug|Any CPU.ActiveCfg = Debug|Any CPU
		{CF159DF2-FC35-4E01-AC7E-77C36CA36951}.Debug|Any CPU.Build.0 = Debug|Any CPU
		{CF159DF2-FC35-4E01-AC7E-77C36CA36951}.Release|Any CPU.ActiveCfg = Release|Any CPU
		{CF159DF2-FC35-4E01-AC7E-77C36CA36951}.Release|Any CPU.Build.0 = Release|Any CPU
		{7E2CBB94-D08E-4809-8A20-3EE94F2D34C2}.Debug|Any CPU.ActiveCfg = Debug|Any CPU
		{7E2CBB94-D08E-4809-8A20-3EE94F2D34C2}.Debug|Any CPU.Build.0 = Debug|Any CPU
		{7E2CBB94-D08E-4809-8A20-3EE94F2D34C2}.Release|Any CPU.ActiveCfg = Release|Any CPU
		{7E2CBB94-D08E-4809-8A20-3EE94F2D34C2}.Release|Any CPU.Build.0 = Release|Any CPU
		{C7DA41BD-06F8-476B-91B1-DCFE58948F5F}.Debug|Any CPU.ActiveCfg = Debug|Any CPU
		{C7DA41BD-06F8-476B-91B1-DCFE58948F5F}.Debug|Any CPU.Build.0 = Debug|Any CPU
		{C7DA41BD-06F8-476B-91B1-DCFE58948F5F}.Release|Any CPU.ActiveCfg = Release|Any CPU
		{C7DA41BD-06F8-476B-91B1-DCFE58948F5F}.Release|Any CPU.Build.0 = Release|Any CPU
	EndGlobalSection
EndGlobal
